
Microsoft Visual Studio Solution File, Format Version 12.00
# Visual Studio Version 17
VisualStudioVersion = 17.14.36414.22 d17.14
MinimumVisualStudioVersion = 10.0.40219.1
Project("{FAE04EC0-301F-11D3-BF4B-00C04F79EFBC}") = "MovieCatalogAPI", "MovieCatalogAPI.csproj", "{42DC1B2A-A855-4AF3-B9D2-A25153CFB4EB}"
EndProject
Global
	GlobalSection(SolutionConfigurationPlatforms) = preSolution
		Debug|Any CPU = Debug|Any CPU
		Release|Any CPU = Release|Any CPU
	EndGlobalSection
	GlobalSection(ProjectConfigurationPlatforms) = postSolution
		{42DC1B2A-A855-4AF3-B9D2-A25153CFB4EB}.Debug|Any CPU.ActiveCfg = Debug|Any CPU
		{42DC1B2A-A855-4AF3-B9D2-A25153CFB4EB}.Debug|Any CPU.Build.0 = Debug|Any CPU
		{42DC1B2A-A855-4AF3-B9D2-A25153CFB4EB}.Release|Any CPU.ActiveCfg = Release|Any CPU
		{42DC1B2A-A855-4AF3-B9D2-A25153CFB4EB}.Release|Any CPU.Build.0 = Release|Any CPU
	EndGlobalSection
	GlobalSection(SolutionProperties) = preSolution
		HideSolutionNode = FALSE
	EndGlobalSection
	GlobalSection(ExtensibilityGlobals) = postSolution
		SolutionGuid = {B732EFE7-F771-410E-93C5-3586534861E1}
	EndGlobalSection
EndGlobal
